
Microsoft Visual Studio Solution File, Format Version 12.00
# Visual Studio 15
Project("{FAE04EC0-301F-11D3-BF4B-00C04F79EFBC}") = "Projeto2", "Assembly-CSharp.csproj", "{E1AB3D29-8992-ECB9-EEDB-FF3D6D61C520}"
EndProject
Project("{FAE04EC0-301F-11D3-BF4B-00C04F79EFBC}") = "Projeto2", "Assembly-CSharp-Editor.csproj", "{220C142C-1E11-1EA3-002D-B137F3E1B557}"
EndProject
Global
	GlobalSection(SolutionConfigurationPlatforms) = preSolution
		Debug|Any CPU = Debug|Any CPU
		Release|Any CPU = Release|Any CPU
	EndGlobalSection
	GlobalSection(ProjectConfigurationPlatforms) = postSolution
		{E1AB3D29-8992-ECB9-EEDB-FF3D6D61C520}.Debug|Any CPU.ActiveCfg = Debug|Any CPU
		{E1AB3D29-8992-ECB9-EEDB-FF3D6D61C520}.Debug|Any CPU.Build.0 = Debug|Any CPU
		{E1AB3D29-8992-ECB9-EEDB-FF3D6D61C520}.Release|Any CPU.ActiveCfg = Release|Any CPU
		{E1AB3D29-8992-ECB9-EEDB-FF3D6D61C520}.Release|Any CPU.Build.0 = Release|Any CPU
		{220C142C-1E11-1EA3-002D-B137F3E1B557}.Debug|Any CPU.ActiveCfg = Debug|Any CPU
		{220C142C-1E11-1EA3-002D-B137F3E1B557}.Debug|Any CPU.Build.0 = Debug|Any CPU
		{220C142C-1E11-1EA3-002D-B137F3E1B557}.Release|Any CPU.ActiveCfg = Release|Any CPU
		{220C142C-1E11-1EA3-002D-B137F3E1B557}.Release|Any CPU.Build.0 = Release|Any CPU
	EndGlobalSection
	GlobalSection(SolutionProperties) = preSolution
		HideSolutionNode = FALSE
	EndGlobalSection
EndGlobal
